
Microsoft Visual Studio Solution File, Format Version 12.00
Project("{FAE04EC0-301F-11D3-BF4B-00C04F79EFBC}") = "BabySmurf", "BabySmurf\BabySmurf.csproj", "{F01EE36B-ED9B-4531-B477-F9E05EDBAF5A}"
EndProject
Project("{FAE04EC0-301F-11D3-BF4B-00C04F79EFBC}") = "Tests", "Tests\Tests.csproj", "{E7EE02E7-DF02-4208-90AA-0FABC0B0E6A5}"
EndProject
Global
	GlobalSection(SolutionConfigurationPlatforms) = preSolution
		Debug|Any CPU = Debug|Any CPU
		Release|Any CPU = Release|Any CPU
	EndGlobalSection
	GlobalSection(ProjectConfigurationPlatforms) = postSolution
		{F01EE36B-ED9B-4531-B477-F9E05EDBAF5A}.Debug|Any CPU.ActiveCfg = Debug|Any CPU
		{F01EE36B-ED9B-4531-B477-F9E05EDBAF5A}.Debug|Any CPU.Build.0 = Debug|Any CPU
		{F01EE36B-ED9B-4531-B477-F9E05EDBAF5A}.Release|Any CPU.ActiveCfg = Release|Any CPU
		{F01EE36B-ED9B-4531-B477-F9E05EDBAF5A}.Release|Any CPU.Build.0 = Release|Any CPU
		{E7EE02E7-DF02-4208-90AA-0FABC0B0E6A5}.Debug|Any CPU.ActiveCfg = Debug|Any CPU
		{E7EE02E7-DF02-4208-90AA-0FABC0B0E6A5}.Debug|Any CPU.Build.0 = Debug|Any CPU
		{E7EE02E7-DF02-4208-90AA-0FABC0B0E6A5}.Release|Any CPU.ActiveCfg = Release|Any CPU
		{E7EE02E7-DF02-4208-90AA-0FABC0B0E6A5}.Release|Any CPU.Build.0 = Release|Any CPU
	EndGlobalSection
EndGlobal
