Microsoft Visual Studio Solution File, Format Version 12.00
Project("{FAE04EC0-301F-11D3-BF4B-00C04F79EFBC}") = "SmurfLooping", "SmurfLooping\SmurfLooping.csproj", "{DE78ECB1-97F5-47D8-A3AF-2F2665DD0611}"
EndProject
Project("{FAE04EC0-301F-11D3-BF4B-00C04F79EFBC}") = "Tests", "Tests\Tests.csproj", "{E4F94D26-80D8-470A-BE4B-BC02B8297DD6}"
EndProject
Global
	GlobalSection(SolutionConfigurationPlatforms) = preSolution
		Debug|Any CPU = Debug|Any CPU
		Release|Any CPU = Release|Any CPU
	EndGlobalSection
	GlobalSection(ProjectConfigurationPlatforms) = postSolution
		{DE78ECB1-97F5-47D8-A3AF-2F2665DD0611}.Debug|Any CPU.ActiveCfg = Debug|Any CPU
		{DE78ECB1-97F5-47D8-A3AF-2F2665DD0611}.Debug|Any CPU.Build.0 = Debug|Any CPU
		{DE78ECB1-97F5-47D8-A3AF-2F2665DD0611}.Release|Any CPU.ActiveCfg = Release|Any CPU
		{DE78ECB1-97F5-47D8-A3AF-2F2665DD0611}.Release|Any CPU.Build.0 = Release|Any CPU
		{E4F94D26-80D8-470A-BE4B-BC02B8297DD6}.Debug|Any CPU.ActiveCfg = Debug|Any CPU
		{E4F94D26-80D8-470A-BE4B-BC02B8297DD6}.Debug|Any CPU.Build.0 = Debug|Any CPU
		{E4F94D26-80D8-470A-BE4B-BC02B8297DD6}.Release|Any CPU.ActiveCfg = Release|Any CPU
		{E4F94D26-80D8-470A-BE4B-BC02B8297DD6}.Release|Any CPU.Build.0 = Release|Any CPU
	EndGlobalSection
EndGlobal
