
Microsoft Visual Studio Solution File, Format Version 12.00
Project("{FAE04EC0-301F-11D3-BF4B-00C04F79EFBC}") = "BabySmurf", "BabySmurf\BabySmurf.csproj", "{F01EE36B-ED9B-4531-B477-F9E05EDBAF5A}"
EndProject
Project("{FAE04EC0-301F-11D3-BF4B-00C04F79EFBC}") = "Tests", "Tests\Tests.csproj", "{00E043DE-C3C8-480B-9A13-5E58729ABF88}"
EndProject
Global
	GlobalSection(SolutionConfigurationPlatforms) = preSolution
		Debug|Any CPU = Debug|Any CPU
		Release|Any CPU = Release|Any CPU
	EndGlobalSection
	GlobalSection(ProjectConfigurationPlatforms) = postSolution
		{F01EE36B-ED9B-4531-B477-F9E05EDBAF5A}.Debug|Any CPU.ActiveCfg = Debug|Any CPU
		{F01EE36B-ED9B-4531-B477-F9E05EDBAF5A}.Debug|Any CPU.Build.0 = Debug|Any CPU
		{F01EE36B-ED9B-4531-B477-F9E05EDBAF5A}.Release|Any CPU.ActiveCfg = Release|Any CPU
		{F01EE36B-ED9B-4531-B477-F9E05EDBAF5A}.Release|Any CPU.Build.0 = Release|Any CPU
		{00E043DE-C3C8-480B-9A13-5E58729ABF88}.Debug|Any CPU.ActiveCfg = Debug|Any CPU
		{00E043DE-C3C8-480B-9A13-5E58729ABF88}.Debug|Any CPU.Build.0 = Debug|Any CPU
		{00E043DE-C3C8-480B-9A13-5E58729ABF88}.Release|Any CPU.ActiveCfg = Release|Any CPU
		{00E043DE-C3C8-480B-9A13-5E58729ABF88}.Release|Any CPU.Build.0 = Release|Any CPU
	EndGlobalSection
EndGlobal
